
Microsoft Visual Studio Solution File, Format Version 12.00
# Visual Studio Version 16
VisualStudioVersion = 16.0.29319.158
MinimumVisualStudioVersion = 10.0.40219.1
Project("{FAE04EC0-301F-11D3-BF4B-00C04F79EFBC}") = "Client", "Client\Client.csproj", "{3EC5AC6B-4DD8-45D7-8A3C-AEE69CA45362}"
EndProject
Project("{FAE04EC0-301F-11D3-BF4B-00C04F79EFBC}") = "Server", "Server\Server.csproj", "{B85516A0-A126-4492-B9E5-32F6BE92B921}"
EndProject
Project("{FAE04EC0-301F-11D3-BF4B-00C04F79EFBC}") = "Shared", "Shared\Shared.csproj", "{EAA3371D-EFE8-4844-A315-02F5E8EC81FA}"
EndProject
Project("{FAE04EC0-301F-11D3-BF4B-00C04F79EFBC}") = "CharCreator", "CharCreator\CharCreator.csproj", "{744FE95A-9685-46D6-868B-38F712975647}"
EndProject
Global
	GlobalSection(SolutionConfigurationPlatforms) = preSolution
		Debug|Any CPU = Debug|Any CPU
		Release|Any CPU = Release|Any CPU
	EndGlobalSection
	GlobalSection(ProjectConfigurationPlatforms) = postSolution
		{3EC5AC6B-4DD8-45D7-8A3C-AEE69CA45362}.Debug|Any CPU.ActiveCfg = Debug|Any CPU
		{3EC5AC6B-4DD8-45D7-8A3C-AEE69CA45362}.Debug|Any CPU.Build.0 = Debug|Any CPU
		{3EC5AC6B-4DD8-45D7-8A3C-AEE69CA45362}.Release|Any CPU.ActiveCfg = Release|Any CPU
		{3EC5AC6B-4DD8-45D7-8A3C-AEE69CA45362}.Release|Any CPU.Build.0 = Release|Any CPU
		{B85516A0-A126-4492-B9E5-32F6BE92B921}.Debug|Any CPU.ActiveCfg = Debug|Any CPU
		{B85516A0-A126-4492-B9E5-32F6BE92B921}.Debug|Any CPU.Build.0 = Debug|Any CPU
		{B85516A0-A126-4492-B9E5-32F6BE92B921}.Release|Any CPU.ActiveCfg = Release|Any CPU
		{B85516A0-A126-4492-B9E5-32F6BE92B921}.Release|Any CPU.Build.0 = Release|Any CPU
		{EAA3371D-EFE8-4844-A315-02F5E8EC81FA}.Debug|Any CPU.ActiveCfg = Debug|Any CPU
		{EAA3371D-EFE8-4844-A315-02F5E8EC81FA}.Debug|Any CPU.Build.0 = Debug|Any CPU
		{EAA3371D-EFE8-4844-A315-02F5E8EC81FA}.Release|Any CPU.ActiveCfg = Release|Any CPU
		{EAA3371D-EFE8-4844-A315-02F5E8EC81FA}.Release|Any CPU.Build.0 = Release|Any CPU
		{744FE95A-9685-46D6-868B-38F712975647}.Debug|Any CPU.ActiveCfg = Debug|Any CPU
		{744FE95A-9685-46D6-868B-38F712975647}.Debug|Any CPU.Build.0 = Debug|Any CPU
		{744FE95A-9685-46D6-868B-38F712975647}.Release|Any CPU.ActiveCfg = Release|Any CPU
		{744FE95A-9685-46D6-868B-38F712975647}.Release|Any CPU.Build.0 = Release|Any CPU
	EndGlobalSection
	GlobalSection(SolutionProperties) = preSolution
		HideSolutionNode = FALSE
	EndGlobalSection
	GlobalSection(ExtensibilityGlobals) = postSolution
		SolutionGuid = {0A1BEC42-0BE9-4334-92B5-BCAAB95A5C16}
	EndGlobalSection
EndGlobal
