
Microsoft Visual Studio Solution File, Format Version 12.00
# Visual Studio Version 16
VisualStudioVersion = 16.0.29319.158
MinimumVisualStudioVersion = 10.0.40219.1
Project("{FAE04EC0-301F-11D3-BF4B-00C04F79EFBC}") = "Client", "Client\Client.csproj", "{3EC5AC6B-4DD8-45D7-8A3C-AEE69CA45362}"
EndProject
Project("{FAE04EC0-301F-11D3-BF4B-00C04F79EFBC}") = "Server", "Server\Server.csproj", "{B85516A0-A126-4492-B9E5-32F6BE92B921}"
EndProject
Project("{FAE04EC0-301F-11D3-BF4B-00C04F79EFBC}") = "Shared", "Shared\Shared.csproj", "{EAA3371D-EFE8-4844-A315-02F5E8EC81FA}"
EndProject
Project("{FAE04EC0-301F-11D3-BF4B-00C04F79EFBC}") = "CharCreator", "CharCreator\CharCreator.csproj", "{744FE95A-9685-46D6-868B-38F712975647}"
EndProject
Project("{FAE04EC0-301F-11D3-BF4B-00C04F79EFBC}") = "Client_Extented", "Client_Extented\Client_Extented.csproj", "{503B9C4B-99C0-4004-80BB-352F8106B5D6}"
EndProject
Project("{9A19103F-16F7-4668-BE54-9A1E7A4F7556}") = "MenuAPI", "..\MenuAPI\MenuAPI\MenuAPI.csproj", "{CD709B72-0BDB-4C16-BC40-63CBC13B6E49}"
EndProject
Global
	GlobalSection(SolutionConfigurationPlatforms) = preSolution
		Debug FiveM|Any CPU = Debug FiveM|Any CPU
		Debug RedM|Any CPU = Debug RedM|Any CPU
		Debug|Any CPU = Debug|Any CPU
		Release FiveM|Any CPU = Release FiveM|Any CPU
		Release RedM|Any CPU = Release RedM|Any CPU
		Release|Any CPU = Release|Any CPU
	EndGlobalSection
	GlobalSection(ProjectConfigurationPlatforms) = postSolution
		{3EC5AC6B-4DD8-45D7-8A3C-AEE69CA45362}.Debug FiveM|Any CPU.ActiveCfg = Debug|Any CPU
		{3EC5AC6B-4DD8-45D7-8A3C-AEE69CA45362}.Debug FiveM|Any CPU.Build.0 = Debug|Any CPU
		{3EC5AC6B-4DD8-45D7-8A3C-AEE69CA45362}.Debug RedM|Any CPU.ActiveCfg = Debug|Any CPU
		{3EC5AC6B-4DD8-45D7-8A3C-AEE69CA45362}.Debug RedM|Any CPU.Build.0 = Debug|Any CPU
		{3EC5AC6B-4DD8-45D7-8A3C-AEE69CA45362}.Debug|Any CPU.ActiveCfg = Debug|Any CPU
		{3EC5AC6B-4DD8-45D7-8A3C-AEE69CA45362}.Debug|Any CPU.Build.0 = Debug|Any CPU
		{3EC5AC6B-4DD8-45D7-8A3C-AEE69CA45362}.Release FiveM|Any CPU.ActiveCfg = Release|Any CPU
		{3EC5AC6B-4DD8-45D7-8A3C-AEE69CA45362}.Release FiveM|Any CPU.Build.0 = Release|Any CPU
		{3EC5AC6B-4DD8-45D7-8A3C-AEE69CA45362}.Release RedM|Any CPU.ActiveCfg = Release|Any CPU
		{3EC5AC6B-4DD8-45D7-8A3C-AEE69CA45362}.Release RedM|Any CPU.Build.0 = Release|Any CPU
		{3EC5AC6B-4DD8-45D7-8A3C-AEE69CA45362}.Release|Any CPU.ActiveCfg = Release|Any CPU
		{3EC5AC6B-4DD8-45D7-8A3C-AEE69CA45362}.Release|Any CPU.Build.0 = Release|Any CPU
		{B85516A0-A126-4492-B9E5-32F6BE92B921}.Debug FiveM|Any CPU.ActiveCfg = Debug|Any CPU
		{B85516A0-A126-4492-B9E5-32F6BE92B921}.Debug FiveM|Any CPU.Build.0 = Debug|Any CPU
		{B85516A0-A126-4492-B9E5-32F6BE92B921}.Debug RedM|Any CPU.ActiveCfg = Debug|Any CPU
		{B85516A0-A126-4492-B9E5-32F6BE92B921}.Debug RedM|Any CPU.Build.0 = Debug|Any CPU
		{B85516A0-A126-4492-B9E5-32F6BE92B921}.Debug|Any CPU.ActiveCfg = Debug|Any CPU
		{B85516A0-A126-4492-B9E5-32F6BE92B921}.Debug|Any CPU.Build.0 = Debug|Any CPU
		{B85516A0-A126-4492-B9E5-32F6BE92B921}.Release FiveM|Any CPU.ActiveCfg = Release|Any CPU
		{B85516A0-A126-4492-B9E5-32F6BE92B921}.Release FiveM|Any CPU.Build.0 = Release|Any CPU
		{B85516A0-A126-4492-B9E5-32F6BE92B921}.Release RedM|Any CPU.ActiveCfg = Release|Any CPU
		{B85516A0-A126-4492-B9E5-32F6BE92B921}.Release RedM|Any CPU.Build.0 = Release|Any CPU
		{B85516A0-A126-4492-B9E5-32F6BE92B921}.Release|Any CPU.ActiveCfg = Release|Any CPU
		{B85516A0-A126-4492-B9E5-32F6BE92B921}.Release|Any CPU.Build.0 = Release|Any CPU
		{EAA3371D-EFE8-4844-A315-02F5E8EC81FA}.Debug FiveM|Any CPU.ActiveCfg = Debug|Any CPU
		{EAA3371D-EFE8-4844-A315-02F5E8EC81FA}.Debug FiveM|Any CPU.Build.0 = Debug|Any CPU
		{EAA3371D-EFE8-4844-A315-02F5E8EC81FA}.Debug RedM|Any CPU.ActiveCfg = Debug|Any CPU
		{EAA3371D-EFE8-4844-A315-02F5E8EC81FA}.Debug RedM|Any CPU.Build.0 = Debug|Any CPU
		{EAA3371D-EFE8-4844-A315-02F5E8EC81FA}.Debug|Any CPU.ActiveCfg = Debug|Any CPU
		{EAA3371D-EFE8-4844-A315-02F5E8EC81FA}.Debug|Any CPU.Build.0 = Debug|Any CPU
		{EAA3371D-EFE8-4844-A315-02F5E8EC81FA}.Release FiveM|Any CPU.ActiveCfg = Release|Any CPU
		{EAA3371D-EFE8-4844-A315-02F5E8EC81FA}.Release FiveM|Any CPU.Build.0 = Release|Any CPU
		{EAA3371D-EFE8-4844-A315-02F5E8EC81FA}.Release RedM|Any CPU.ActiveCfg = Release|Any CPU
		{EAA3371D-EFE8-4844-A315-02F5E8EC81FA}.Release RedM|Any CPU.Build.0 = Release|Any CPU
		{EAA3371D-EFE8-4844-A315-02F5E8EC81FA}.Release|Any CPU.ActiveCfg = Release|Any CPU
		{EAA3371D-EFE8-4844-A315-02F5E8EC81FA}.Release|Any CPU.Build.0 = Release|Any CPU
		{744FE95A-9685-46D6-868B-38F712975647}.Debug FiveM|Any CPU.ActiveCfg = Debug|Any CPU
		{744FE95A-9685-46D6-868B-38F712975647}.Debug FiveM|Any CPU.Build.0 = Debug|Any CPU
		{744FE95A-9685-46D6-868B-38F712975647}.Debug RedM|Any CPU.ActiveCfg = Debug|Any CPU
		{744FE95A-9685-46D6-868B-38F712975647}.Debug RedM|Any CPU.Build.0 = Debug|Any CPU
		{744FE95A-9685-46D6-868B-38F712975647}.Debug|Any CPU.ActiveCfg = Debug|Any CPU
		{744FE95A-9685-46D6-868B-38F712975647}.Debug|Any CPU.Build.0 = Debug|Any CPU
		{744FE95A-9685-46D6-868B-38F712975647}.Release FiveM|Any CPU.ActiveCfg = Release|Any CPU
		{744FE95A-9685-46D6-868B-38F712975647}.Release FiveM|Any CPU.Build.0 = Release|Any CPU
		{744FE95A-9685-46D6-868B-38F712975647}.Release RedM|Any CPU.ActiveCfg = Release|Any CPU
		{744FE95A-9685-46D6-868B-38F712975647}.Release RedM|Any CPU.Build.0 = Release|Any CPU
		{744FE95A-9685-46D6-868B-38F712975647}.Release|Any CPU.ActiveCfg = Release|Any CPU
		{744FE95A-9685-46D6-868B-38F712975647}.Release|Any CPU.Build.0 = Release|Any CPU
		{503B9C4B-99C0-4004-80BB-352F8106B5D6}.Debug FiveM|Any CPU.ActiveCfg = Debug|Any CPU
		{503B9C4B-99C0-4004-80BB-352F8106B5D6}.Debug FiveM|Any CPU.Build.0 = Debug|Any CPU
		{503B9C4B-99C0-4004-80BB-352F8106B5D6}.Debug RedM|Any CPU.ActiveCfg = Debug|Any CPU
		{503B9C4B-99C0-4004-80BB-352F8106B5D6}.Debug RedM|Any CPU.Build.0 = Debug|Any CPU
		{503B9C4B-99C0-4004-80BB-352F8106B5D6}.Debug|Any CPU.ActiveCfg = Debug|Any CPU
		{503B9C4B-99C0-4004-80BB-352F8106B5D6}.Debug|Any CPU.Build.0 = Debug|Any CPU
		{503B9C4B-99C0-4004-80BB-352F8106B5D6}.Release FiveM|Any CPU.ActiveCfg = Release|Any CPU
		{503B9C4B-99C0-4004-80BB-352F8106B5D6}.Release FiveM|Any CPU.Build.0 = Release|Any CPU
		{503B9C4B-99C0-4004-80BB-352F8106B5D6}.Release RedM|Any CPU.ActiveCfg = Release|Any CPU
		{503B9C4B-99C0-4004-80BB-352F8106B5D6}.Release RedM|Any CPU.Build.0 = Release|Any CPU
		{503B9C4B-99C0-4004-80BB-352F8106B5D6}.Release|Any CPU.ActiveCfg = Release|Any CPU
		{503B9C4B-99C0-4004-80BB-352F8106B5D6}.Release|Any CPU.Build.0 = Release|Any CPU
		{CD709B72-0BDB-4C16-BC40-63CBC13B6E49}.Debug FiveM|Any CPU.ActiveCfg = Debug FiveM|Any CPU
		{CD709B72-0BDB-4C16-BC40-63CBC13B6E49}.Debug FiveM|Any CPU.Build.0 = Debug FiveM|Any CPU
		{CD709B72-0BDB-4C16-BC40-63CBC13B6E49}.Debug RedM|Any CPU.ActiveCfg = Debug RedM|Any CPU
		{CD709B72-0BDB-4C16-BC40-63CBC13B6E49}.Debug RedM|Any CPU.Build.0 = Debug RedM|Any CPU
		{CD709B72-0BDB-4C16-BC40-63CBC13B6E49}.Debug|Any CPU.ActiveCfg = Debug FiveM|Any CPU
		{CD709B72-0BDB-4C16-BC40-63CBC13B6E49}.Debug|Any CPU.Build.0 = Debug FiveM|Any CPU
		{CD709B72-0BDB-4C16-BC40-63CBC13B6E49}.Release FiveM|Any CPU.ActiveCfg = Release FiveM|Any CPU
		{CD709B72-0BDB-4C16-BC40-63CBC13B6E49}.Release FiveM|Any CPU.Build.0 = Release FiveM|Any CPU
		{CD709B72-0BDB-4C16-BC40-63CBC13B6E49}.Release RedM|Any CPU.ActiveCfg = Release RedM|Any CPU
		{CD709B72-0BDB-4C16-BC40-63CBC13B6E49}.Release RedM|Any CPU.Build.0 = Release RedM|Any CPU
		{CD709B72-0BDB-4C16-BC40-63CBC13B6E49}.Release|Any CPU.ActiveCfg = Release RedM|Any CPU
		{CD709B72-0BDB-4C16-BC40-63CBC13B6E49}.Release|Any CPU.Build.0 = Release RedM|Any CPU
	EndGlobalSection
	GlobalSection(SolutionProperties) = preSolution
		HideSolutionNode = FALSE
	EndGlobalSection
	GlobalSection(ExtensibilityGlobals) = postSolution
		SolutionGuid = {0A1BEC42-0BE9-4334-92B5-BCAAB95A5C16}
	EndGlobalSection
EndGlobal
